{
  "object": {
    "pins": [
      {
        "package": "Preferences",
        "repositoryURL": "https://github.com/sindresorhus/Settings",
        "state": {
          "branch": null,
          "revision": "139484818fe4b6b89823fa462cab686b3a419928",
          "version": null
        }
      },
      {
        "package": "SwiftQOI",
        "repositoryURL": "https://github.com/FrostBird347/Swift-QOI",
        "state": {
          "branch": null,
          "revision": "240a2c7402a5ebc796b85b8b2d3f6ab2b1c0169c",
          "version": null
        }
      }
    ]
  },
  "version": 1
}
