{
  "object": {
    "pins": [
      {
        "package": "Preferences",
        "repositoryURL": "https://github.com/sindresorhus/Settings",
        "state": {
          "branch": null,
          "revision": "139484818fe4b6b89823fa462cab686b3a419928",
          "version": null
        }
      },
      {
        "package": "SwiftQOI",
        "repositoryURL": "https://github.com/FrostBird347/Swift-QOI",
        "state": {
          "branch": null,
          "revision": "80ee692f8d81ea9fb2bafb69787f2374cbde3be1",
          "version": null
        }
      }
    ]
  },
  "version": 1
}
